
Microsoft Visual Studio Solution File, Format Version 11.00
# Visual Studio 2010
Project("{FAE04EC0-301F-11D3-BF4B-00C04F79EFBC}") = "Assembly-CSharp", "Assembly-CSharp.csproj", "{b2df30f3-c8a6-e0af-b3e4-1d1683b9f13b}"
EndProject
Project("{FAE04EC0-301F-11D3-BF4B-00C04F79EFBC}") = "Oculus.VR", "Oculus.VR.csproj", "{be50788f-d04b-79f9-a7ad-6e8993aef11c}"
EndProject
Project("{FAE04EC0-301F-11D3-BF4B-00C04F79EFBC}") = "Oculus.Spatializer", "Oculus.Spatializer.csproj", "{dea1c3ea-e85f-4d98-1cdf-ca15f85281f7}"
EndProject
Project("{FAE04EC0-301F-11D3-BF4B-00C04F79EFBC}") = "Oculus.Platform", "Oculus.Platform.csproj", "{2d4bd5af-1063-c07e-f57e-e725597fc10e}"
EndProject
Project("{FAE04EC0-301F-11D3-BF4B-00C04F79EFBC}") = "Oculus.LipSync", "Oculus.LipSync.csproj", "{dd3384d0-6abf-51c0-9a43-0f357f597fb7}"
EndProject
Project("{FAE04EC0-301F-11D3-BF4B-00C04F79EFBC}") = "Oculus.AudioManager", "Oculus.AudioManager.csproj", "{3f01cefb-046d-e892-5db4-6acdd0ced08f}"
EndProject
Project("{FAE04EC0-301F-11D3-BF4B-00C04F79EFBC}") = "Oculus.AudioManager.Audio.Editor", "Oculus.AudioManager.Audio.Editor.csproj", "{e2b401fa-0550-de5b-9b4a-8cc7ba484261}"
EndProject
Project("{FAE04EC0-301F-11D3-BF4B-00C04F79EFBC}") = "Oculus.VR.Scripts.Editor", "Oculus.VR.Scripts.Editor.csproj", "{ac081853-fceb-1742-5796-dbc0f3c13cd3}"
EndProject
Project("{FAE04EC0-301F-11D3-BF4B-00C04F79EFBC}") = "Oculus.VR.Editor", "Oculus.VR.Editor.csproj", "{b04820d6-ee62-71d9-6390-1410e01995f2}"
EndProject
Project("{FAE04EC0-301F-11D3-BF4B-00C04F79EFBC}") = "Oculus.Spatializer.Editor", "Oculus.Spatializer.Editor.csproj", "{4be87796-dddd-800f-99e9-881361e7e3e8}"
EndProject
Project("{FAE04EC0-301F-11D3-BF4B-00C04F79EFBC}") = "Oculus.Platform.Editor", "Oculus.Platform.Editor.csproj", "{1ac5b302-1317-1e48-e495-ece0cb0377d4}"
EndProject
Project("{FAE04EC0-301F-11D3-BF4B-00C04F79EFBC}") = "Oculus.LipSync.Editor", "Oculus.LipSync.Editor.csproj", "{46b4438a-e427-3672-c0c7-c9e23e905198}"
EndProject
Project("{FAE04EC0-301F-11D3-BF4B-00C04F79EFBC}") = "Oculus.AudioManager.Utils.Editor", "Oculus.AudioManager.Utils.Editor.csproj", "{a406b2ae-c561-bd82-440a-93e823916f90}"
EndProject
Project("{FAE04EC0-301F-11D3-BF4B-00C04F79EFBC}") = "Assembly-CSharp-Editor", "Assembly-CSharp-Editor.csproj", "{dcfc12c4-95cf-b6d6-674a-fc61094e7bab}"
EndProject
Global
	GlobalSection(SolutionConfigurationPlatforms) = preSolution
		Debug|Any CPU = Debug|Any CPU
	EndGlobalSection
	GlobalSection(ProjectConfigurationPlatforms) = postSolution
		{b2df30f3-c8a6-e0af-b3e4-1d1683b9f13b}.Debug|Any CPU.ActiveCfg = Debug|Any CPU
		{b2df30f3-c8a6-e0af-b3e4-1d1683b9f13b}.Debug|Any CPU.Build.0 = Debug|Any CPU
		{be50788f-d04b-79f9-a7ad-6e8993aef11c}.Debug|Any CPU.ActiveCfg = Debug|Any CPU
		{be50788f-d04b-79f9-a7ad-6e8993aef11c}.Debug|Any CPU.Build.0 = Debug|Any CPU
		{dea1c3ea-e85f-4d98-1cdf-ca15f85281f7}.Debug|Any CPU.ActiveCfg = Debug|Any CPU
		{dea1c3ea-e85f-4d98-1cdf-ca15f85281f7}.Debug|Any CPU.Build.0 = Debug|Any CPU
		{2d4bd5af-1063-c07e-f57e-e725597fc10e}.Debug|Any CPU.ActiveCfg = Debug|Any CPU
		{2d4bd5af-1063-c07e-f57e-e725597fc10e}.Debug|Any CPU.Build.0 = Debug|Any CPU
		{dd3384d0-6abf-51c0-9a43-0f357f597fb7}.Debug|Any CPU.ActiveCfg = Debug|Any CPU
		{dd3384d0-6abf-51c0-9a43-0f357f597fb7}.Debug|Any CPU.Build.0 = Debug|Any CPU
		{3f01cefb-046d-e892-5db4-6acdd0ced08f}.Debug|Any CPU.ActiveCfg = Debug|Any CPU
		{3f01cefb-046d-e892-5db4-6acdd0ced08f}.Debug|Any CPU.Build.0 = Debug|Any CPU
		{e2b401fa-0550-de5b-9b4a-8cc7ba484261}.Debug|Any CPU.ActiveCfg = Debug|Any CPU
		{e2b401fa-0550-de5b-9b4a-8cc7ba484261}.Debug|Any CPU.Build.0 = Debug|Any CPU
		{ac081853-fceb-1742-5796-dbc0f3c13cd3}.Debug|Any CPU.ActiveCfg = Debug|Any CPU
		{ac081853-fceb-1742-5796-dbc0f3c13cd3}.Debug|Any CPU.Build.0 = Debug|Any CPU
		{b04820d6-ee62-71d9-6390-1410e01995f2}.Debug|Any CPU.ActiveCfg = Debug|Any CPU
		{b04820d6-ee62-71d9-6390-1410e01995f2}.Debug|Any CPU.Build.0 = Debug|Any CPU
		{4be87796-dddd-800f-99e9-881361e7e3e8}.Debug|Any CPU.ActiveCfg = Debug|Any CPU
		{4be87796-dddd-800f-99e9-881361e7e3e8}.Debug|Any CPU.Build.0 = Debug|Any CPU
		{1ac5b302-1317-1e48-e495-ece0cb0377d4}.Debug|Any CPU.ActiveCfg = Debug|Any CPU
		{1ac5b302-1317-1e48-e495-ece0cb0377d4}.Debug|Any CPU.Build.0 = Debug|Any CPU
		{46b4438a-e427-3672-c0c7-c9e23e905198}.Debug|Any CPU.ActiveCfg = Debug|Any CPU
		{46b4438a-e427-3672-c0c7-c9e23e905198}.Debug|Any CPU.Build.0 = Debug|Any CPU
		{a406b2ae-c561-bd82-440a-93e823916f90}.Debug|Any CPU.ActiveCfg = Debug|Any CPU
		{a406b2ae-c561-bd82-440a-93e823916f90}.Debug|Any CPU.Build.0 = Debug|Any CPU
		{dcfc12c4-95cf-b6d6-674a-fc61094e7bab}.Debug|Any CPU.ActiveCfg = Debug|Any CPU
		{dcfc12c4-95cf-b6d6-674a-fc61094e7bab}.Debug|Any CPU.Build.0 = Debug|Any CPU
	EndGlobalSection
	GlobalSection(SolutionProperties) = preSolution
		HideSolutionNode = FALSE
	EndGlobalSection
EndGlobal
